
Microsoft Visual Studio Solution File, Format Version 12.00
# Visual Studio 14
VisualStudioVersion = 14.0.25420.1
MinimumVisualStudioVersion = 10.0.40219.1
Project("{FAE04EC0-301F-11D3-BF4B-00C04F79EFBC}") = "NestLogger", "NestLogger\NestLogger.csproj", "{FBB00161-566F-4589-BBCC-56100F0A46F8}"
EndProject
Project("{FAE04EC0-301F-11D3-BF4B-00C04F79EFBC}") = "NestLoggerJob", "NestLoggerJob\NestLoggerJob.csproj", "{CDC06F9A-3E84-4AC3-935E-C6758AB36E4D}"
EndProject
Project("{FAE04EC0-301F-11D3-BF4B-00C04F79EFBC}") = "NestLogger.Dtos", "NestLogger.Dtos\NestLogger.Dtos.csproj", "{6AB76C9D-2470-4240-BD9B-20C606F870FE}"
EndProject
Global
	GlobalSection(SolutionConfigurationPlatforms) = preSolution
		Debug|Any CPU = Debug|Any CPU
		Release|Any CPU = Release|Any CPU
	EndGlobalSection
	GlobalSection(ProjectConfigurationPlatforms) = postSolution
		{FBB00161-566F-4589-BBCC-56100F0A46F8}.Debug|Any CPU.ActiveCfg = Debug|Any CPU
		{FBB00161-566F-4589-BBCC-56100F0A46F8}.Debug|Any CPU.Build.0 = Debug|Any CPU
		{FBB00161-566F-4589-BBCC-56100F0A46F8}.Release|Any CPU.ActiveCfg = Release|Any CPU
		{FBB00161-566F-4589-BBCC-56100F0A46F8}.Release|Any CPU.Build.0 = Release|Any CPU
		{CDC06F9A-3E84-4AC3-935E-C6758AB36E4D}.Debug|Any CPU.ActiveCfg = Debug|Any CPU
		{CDC06F9A-3E84-4AC3-935E-C6758AB36E4D}.Debug|Any CPU.Build.0 = Debug|Any CPU
		{CDC06F9A-3E84-4AC3-935E-C6758AB36E4D}.Release|Any CPU.ActiveCfg = Release|Any CPU
		{CDC06F9A-3E84-4AC3-935E-C6758AB36E4D}.Release|Any CPU.Build.0 = Release|Any CPU
		{6AB76C9D-2470-4240-BD9B-20C606F870FE}.Debug|Any CPU.ActiveCfg = Debug|Any CPU
		{6AB76C9D-2470-4240-BD9B-20C606F870FE}.Debug|Any CPU.Build.0 = Debug|Any CPU
		{6AB76C9D-2470-4240-BD9B-20C606F870FE}.Release|Any CPU.ActiveCfg = Release|Any CPU
		{6AB76C9D-2470-4240-BD9B-20C606F870FE}.Release|Any CPU.Build.0 = Release|Any CPU
	EndGlobalSection
	GlobalSection(SolutionProperties) = preSolution
		HideSolutionNode = FALSE
	EndGlobalSection
EndGlobal
